// !$*UTF8*$!
{
	archiveVersion = 1;
	classes = {
	};
	objectVersion = 46;
	objects = {

/* Begin PBXBuildFile section */
		129C76F21AF1E1430074D126 /* AppDelegate.swift in Sources */ = {isa = PBXBuildFile; fileRef = 129C76F11AF1E1430074D126 /* AppDelegate.swift */; };
		129C76F51AF1E1430074D126 /* Brapzilla.xcdatamodeld in Sources */ = {isa = PBXBuildFile; fileRef = 129C76F31AF1E1430074D126 /* Brapzilla.xcdatamodeld */; };
		129C76F71AF1E1430074D126 /* ViewController.swift in Sources */ = {isa = PBXBuildFile; fileRef = 129C76F61AF1E1430074D126 /* ViewController.swift */; };
		129C76FA1AF1E1430074D126 /* Main.storyboard in Resources */ = {isa = PBXBuildFile; fileRef = 129C76F81AF1E1430074D126 /* Main.storyboard */; };
		129C76FC1AF1E1430074D126 /* Images.xcassets in Resources */ = {isa = PBXBuildFile; fileRef = 129C76FB1AF1E1430074D126 /* Images.xcassets */; };
		129C76FF1AF1E1430074D126 /* LaunchScreen.xib in Resources */ = {isa = PBXBuildFile; fileRef = 129C76FD1AF1E1430074D126 /* LaunchScreen.xib */; };
		129C770B1AF1E1430074D126 /* BrapzillaTests.swift in Sources */ = {isa = PBXBuildFile; fileRef = 129C770A1AF1E1430074D126 /* BrapzillaTests.swift */; };
/* End PBXBuildFile section */

/* Begin PBXContainerItemProxy section */
		129C77051AF1E1430074D126 /* PBXContainerItemProxy */ = {
			isa = PBXContainerItemProxy;
			containerPortal = 129C76E41AF1E1430074D126 /* Project object */;
			proxyType = 1;
			remoteGlobalIDString = 129C76EB1AF1E1430074D126;
			remoteInfo = Brapzilla;
		};
/* End PBXContainerItemProxy section */

/* Begin PBXFileReference section */
		129C76EC1AF1E1430074D126 /* Brapzilla.app */ = {isa = PBXFileReference; explicitFileType = wrapper.application; includeInIndex = 0; path = Brapzilla.app; sourceTree = BUILT_PRODUCTS_DIR; };
		129C76F01AF1E1430074D126 /* Info.plist */ = {isa = PBXFileReference; lastKnownFileType = text.plist.xml; path = Info.plist; sourceTree = "<group>"; };
		129C76F11AF1E1430074D126 /* AppDelegate.swift */ = {isa = PBXFileReference; lastKnownFileType = sourcecode.swift; path = AppDelegate.swift; sourceTree = "<group>"; };
		129C76F41AF1E1430074D126 /* Brapzilla.xcdatamodel */ = {isa = PBXFileReference; lastKnownFileType = wrapper.xcdatamodel; path = Brapzilla.xcdatamodel; sourceTree = "<group>"; };
		129C76F61AF1E1430074D126 /* ViewController.swift */ = {isa = PBXFileReference; lastKnownFileType = sourcecode.swift; path = ViewController.swift; sourceTree = "<group>"; };
		129C76F91AF1E1430074D126 /* Base */ = {isa = PBXFileReference; lastKnownFileType = file.storyboard; name = Base; path = Base.lproj/Main.storyboard; sourceTree = "<group>"; };
		129C76FB1AF1E1430074D126 /* Images.xcassets */ = {isa = PBXFileReference; lastKnownFileType = folder.assetcatalog; path = Images.xcassets; sourceTree = "<group>"; };
		129C76FE1AF1E1430074D126 /* Base */ = {isa = PBXFileReference; lastKnownFileType = file.xib; name = Base; path = Base.lproj/LaunchScreen.xib; sourceTree = "<group>"; };
		129C77041AF1E1430074D126 /* BrapzillaTests.xctest */ = {isa = PBXFileReference; explicitFileType = wrapper.cfbundle; includeInIndex = 0; path = BrapzillaTests.xctest; sourceTree = BUILT_PRODUCTS_DIR; };
		129C77091AF1E1430074D126 /* Info.plist */ = {isa = PBXFileReference; lastKnownFileType = text.plist.xml; path = Info.plist; sourceTree = "<group>"; };
		129C770A1AF1E1430074D126 /* BrapzillaTests.swift */ = {isa = PBXFileReference; lastKnownFileType = sourcecode.swift; path = BrapzillaTests.swift; sourceTree = "<group>"; };
/* End PBXFileReference section */

/* Begin PBXFrameworksBuildPhase section */
		129C76E91AF1E1430074D126 /* Frameworks */ = {
			isa = PBXFrameworksBuildPhase;
			buildActionMask = 2147483647;
			files = (
			);
			runOnlyForDeploymentPostprocessing = 0;
		};
		129C77011AF1E1430074D126 /* Frameworks */ = {
			isa = PBXFrameworksBuildPhase;
			buildActionMask = 2147483647;
			files = (
			);
			runOnlyForDeploymentPostprocessing = 0;
		};
/* End PBXFrameworksBuildPhase section */

/* Begin PBXGroup section */
		129C76E31AF1E1430074D126 = {
			isa = PBXGroup;
			children = (
				129C76EE1AF1E1430074D126 /* Brapzilla */,
				129C77071AF1E1430074D126 /* BrapzillaTests */,
				129C76ED1AF1E1430074D126 /* Products */,
			);
			sourceTree = "<group>";
		};
		129C76ED1AF1E1430074D126 /* Products */ = {
			isa = PBXGroup;
			children = (
				129C76EC1AF1E1430074D126 /* Brapzilla.app */,
				129C77041AF1E1430074D126 /* BrapzillaTests.xctest */,
			);
			name = Products;
			sourceTree = "<group>";
		};
		129C76EE1AF1E1430074D126 /* Brapzilla */ = {
			isa = PBXGroup;
			children = (
				129C76F11AF1E1430074D126 /* AppDelegate.swift */,
				129C76F61AF1E1430074D126 /* ViewController.swift */,
				129C76F81AF1E1430074D126 /* Main.storyboard */,
				129C76FB1AF1E1430074D126 /* Images.xcassets */,
				129C76FD1AF1E1430074D126 /* LaunchScreen.xib */,
				129C76F31AF1E1430074D126 /* Brapzilla.xcdatamodeld */,
				129C76EF1AF1E1430074D126 /* Supporting Files */,
			);
			path = Brapzilla;
			sourceTree = "<group>";
		};
		129C76EF1AF1E1430074D126 /* Supporting Files */ = {
			isa = PBXGroup;
			children = (
				129C76F01AF1E1430074D126 /* Info.plist */,
			);
			name = "Supporting Files";
			sourceTree = "<group>";
		};
		129C77071AF1E1430074D126 /* BrapzillaTests */ = {
			isa = PBXGroup;
			children = (
				129C770A1AF1E1430074D126 /* BrapzillaTests.swift */,
				129C77081AF1E1430074D126 /* Supporting Files */,
			);
			path = BrapzillaTests;
			sourceTree = "<group>";
		};
		129C77081AF1E1430074D126 /* Supporting Files */ = {
			isa = PBXGroup;
			children = (
				129C77091AF1E1430074D126 /* Info.plist */,
			);
			name = "Supporting Files";
			sourceTree = "<group>";
		};
/* End PBXGroup section */

/* Begin PBXNativeTarget section */
		129C76EB1AF1E1430074D126 /* Brapzilla */ = {
			isa = PBXNativeTarget;
			buildConfigurationList = 129C770E1AF1E1430074D126 /* Build configuration list for PBXNativeTarget "Brapzilla" */;
			buildPhases = (
				129C76E81AF1E1430074D126 /* Sources */,
				129C76E91AF1E1430074D126 /* Frameworks */,
				129C76EA1AF1E1430074D126 /* Resources */,
			);
			buildRules = (
			);
			dependencies = (
			);
			name = Brapzilla;
			productName = Brapzilla;
			productReference = 129C76EC1AF1E1430074D126 /* Brapzilla.app */;
			productType = "com.apple.product-type.application";
		};
		129C77031AF1E1430074D126 /* BrapzillaTests */ = {
			isa = PBXNativeTarget;
			buildConfigurationList = 129C77111AF1E1430074D126 /* Build configuration list for PBXNativeTarget "BrapzillaTests" */;
			buildPhases = (
				129C77001AF1E1430074D126 /* Sources */,
				129C77011AF1E1430074D126 /* Frameworks */,
				129C77021AF1E1430074D126 /* Resources */,
			);
			buildRules = (
			);
			dependencies = (
				129C77061AF1E1430074D126 /* PBXTargetDependency */,
			);
			name = BrapzillaTests;
			productName = BrapzillaTests;
			productReference = 129C77041AF1E1430074D126 /* BrapzillaTests.xctest */;
			productType = "com.apple.product-type.bundle.unit-test";
		};
/* End PBXNativeTarget section */

/* Begin PBXProject section */
		129C76E41AF1E1430074D126 /* Project object */ = {
			isa = PBXProject;
			attributes = {
				LastUpgradeCheck = 0630;
				ORGANIZATIONNAME = "Pedro Peres";
				TargetAttributes = {
					129C76EB1AF1E1430074D126 = {
						CreatedOnToolsVersion = 6.3.1;
					};
					129C77031AF1E1430074D126 = {
						CreatedOnToolsVersion = 6.3.1;
						TestTargetID = 129C76EB1AF1E1430074D126;
					};
				};
			};
			buildConfigurationList = 129C76E71AF1E1430074D126 /* Build configuration list for PBXProject "Brapzilla" */;
			compatibilityVersion = "Xcode 3.2";
			developmentRegion = English;
			hasScannedForEncodings = 0;
			knownRegions = (
				en,
				Base,
			);
			mainGroup = 129C76E31AF1E1430074D126;
			productRefGroup = 129C76ED1AF1E1430074D126 /* Products */;
			projectDirPath = "";
			projectRoot = "";
			targets = (
				129C76EB1AF1E1430074D126 /* Brapzilla */,
				129C77031AF1E1430074D126 /* BrapzillaTests */,
			);
		};
/* End PBXProject section */

/* Begin PBXResourcesBuildPhase section */
		129C76EA1AF1E1430074D126 /* Resources */ = {
			isa = PBXResourcesBuildPhase;
			buildActionMask = 2147483647;
			files = (
				129C76FA1AF1E1430074D126 /* Main.storyboard in Resources */,
				129C76FF1AF1E1430074D126 /* LaunchScreen.xib in Resources */,
				129C76FC1AF1E1430074D126 /* Images.xcassets in Resources */,
			);
			runOnlyForDeploymentPostprocessing = 0;
		};
		129C77021AF1E1430074D126 /* Resources */ = {
			isa = PBXResourcesBuildPhase;
			buildActionMask = 2147483647;
			files = (
			);
			runOnlyForDeploymentPostprocessing = 0;
		};
/* End PBXResourcesBuildPhase section */

/* Begin PBXSourcesBuildPhase section */
		129C76E81AF1E1430074D126 /* Sources */ = {
			isa = PBXSourcesBuildPhase;
			buildActionMask = 2147483647;
			files = (
				129C76F71AF1E1430074D126 /* ViewController.swift in Sources */,
				129C76F21AF1E1430074D126 /* AppDelegate.swift in Sources */,
				129C76F51AF1E1430074D126 /* Brapzilla.xcdatamodeld in Sources */,
			);
			runOnlyForDeploymentPostprocessing = 0;
		};
		129C77001AF1E1430074D126 /* Sources */ = {
			isa = PBXSourcesBuildPhase;
			buildActionMask = 2147483647;
			files = (
				129C770B1AF1E1430074D126 /* BrapzillaTests.swift in Sources */,
			);
			runOnlyForDeploymentPostprocessing = 0;
		};
/* End PBXSourcesBuildPhase section */

/* Begin PBXTargetDependency section */
		129C77061AF1E1430074D126 /* PBXTargetDependency */ = {
			isa = PBXTargetDependency;
			target = 129C76EB1AF1E1430074D126 /* Brapzilla */;
			targetProxy = 129C77051AF1E1430074D126 /* PBXContainerItemProxy */;
		};
/* End PBXTargetDependency section */

/* Begin PBXVariantGroup section */
		129C76F81AF1E1430074D126 /* Main.storyboard */ = {
			isa = PBXVariantGroup;
			children = (
				129C76F91AF1E1430074D126 /* Base */,
			);
			name = Main.storyboard;
			sourceTree = "<group>";
		};
		129C76FD1AF1E1430074D126 /* LaunchScreen.xib */ = {
			isa = PBXVariantGroup;
			children = (
				129C76FE1AF1E1430074D126 /* Base */,
			);
			name = LaunchScreen.xib;
			sourceTree = "<group>";
		};
/* End PBXVariantGroup section */

/* Begin XCBuildConfiguration section */
		129C770C1AF1E1430074D126 /* Debug */ = {
			isa = XCBuildConfiguration;
			buildSettings = {
				ALWAYS_SEARCH_USER_PATHS = NO;
				CLANG_CXX_LANGUAGE_STANDARD = "gnu++0x";
				CLANG_CXX_LIBRARY = "libc++";
				CLANG_ENABLE_MODULES = YES;
				CLANG_ENABLE_OBJC_ARC = YES;
				CLANG_WARN_BOOL_CONVERSION = YES;
				CLANG_WARN_CONSTANT_CONVERSION = YES;
				CLANG_WARN_DIRECT_OBJC_ISA_USAGE = YES_ERROR;
				CLANG_WARN_EMPTY_BODY = YES;
				CLANG_WARN_ENUM_CONVERSION = YES;
				CLANG_WARN_INT_CONVERSION = YES;
				CLANG_WARN_OBJC_ROOT_CLASS = YES_ERROR;
				CLANG_WARN_UNREACHABLE_CODE = YES;
				CLANG_WARN__DUPLICATE_METHOD_MATCH = YES;
				"CODE_SIGN_IDENTITY[sdk=iphoneos*]" = "iPhone Developer";
				COPY_PHASE_STRIP = NO;
				DEBUG_INFORMATION_FORMAT = "dwarf-with-dsym";
				ENABLE_STRICT_OBJC_MSGSEND = YES;
				GCC_C_LANGUAGE_STANDARD = gnu99;
				GCC_DYNAMIC_NO_PIC = NO;
				GCC_NO_COMMON_BLOCKS = YES;
				GCC_OPTIMIZATION_LEVEL = 0;
				GCC_PREPROCESSOR_DEFINITIONS = (
					"DEBUG=1",
					"$(inherited)",
				);
				GCC_SYMBOLS_PRIVATE_EXTERN = NO;
				GCC_WARN_64_TO_32_BIT_CONVERSION = YES;
				GCC_WARN_ABOUT_RETURN_TYPE = YES_ERROR;
				GCC_WARN_UNDECLARED_SELECTOR = YES;
				GCC_WARN_UNINITIALIZED_AUTOS = YES_AGGRESSIVE;
				GCC_WARN_UNUSED_FUNCTION = YES;
				GCC_WARN_UNUSED_VARIABLE = YES;
				IPHONEOS_DEPLOYMENT_TARGET = 8.3;
				MTL_ENABLE_DEBUG_INFO = YES;
				ONLY_ACTIVE_ARCH = YES;
				SDKROOT = iphoneos;
				SWIFT_OPTIMIZATION_LEVEL = "-Onone";
				TARGETED_DEVICE_FAMILY = "1,2";
			};
			name = Debug;
		};
		129C770D1AF1E1430074D126 /* Release */ = {
			isa = XCBuildConfiguration;
			buildSettings = {
				ALWAYS_SEARCH_USER_PATHS = NO;
				CLANG_CXX_LANGUAGE_STANDARD = "gnu++0x";
				CLANG_CXX_LIBRARY = "libc++";
				CLANG_ENABLE_MODULES = YES;
				CLANG_ENABLE_OBJC_ARC = YES;
				CLANG_WARN_BOOL_CONVERSION = YES;
				CLANG_WARN_CONSTANT_CONVERSION = YES;
				CLANG_WARN_DIRECT_OBJC_ISA_USAGE = YES_ERROR;
				CLANG_WARN_EMPTY_BODY = YES;
				CLANG_WARN_ENUM_CONVERSION = YES;
				CLANG_WARN_INT_CONVERSION = YES;
				CLANG_WARN_OBJC_ROOT_CLASS = YES_ERROR;
				CLANG_WARN_UNREACHABLE_CODE = YES;
				CLANG_WARN__DUPLICATE_METHOD_MATCH = YES;
				"CODE_SIGN_IDENTITY[sdk=iphoneos*]" = "iPhone Developer";
				COPY_PHASE_STRIP = NO;
				DEBUG_INFORMATION_FORMAT = "dwarf-with-dsym";
				ENABLE_NS_ASSERTIONS = NO;
				ENABLE_STRICT_OBJC_MSGSEND = YES;
				GCC_C_LANGUAGE_STANDARD = gnu99;
				GCC_NO_COMMON_BLOCKS = YES;
				GCC_WARN_64_TO_32_BIT_CONVERSION = YES;
				GCC_WARN_ABOUT_RETURN_TYPE = YES_ERROR;
				GCC_WARN_UNDECLARED_SELECTOR = YES;
				GCC_WARN_UNINITIALIZED_AUTOS = YES_AGGRESSIVE;
				GCC_WARN_UNUSED_FUNCTION = YES;
				GCC_WARN_UNUSED_VARIABLE = YES;
				IPHONEOS_DEPLOYMENT_TARGET = 8.3;
				MTL_ENABLE_DEBUG_INFO = NO;
				SDKROOT = iphoneos;
				TARGETED_DEVICE_FAMILY = "1,2";
				VALIDATE_PRODUCT = YES;
			};
			name = Release;
		};
		129C770F1AF1E1430074D126 /* Debug */ = {
			isa = XCBuildConfiguration;
			buildSettings = {
				ASSETCATALOG_COMPILER_APPICON_NAME = AppIcon;
				INFOPLIST_FILE = Brapzilla/Info.plist;
				LD_RUNPATH_SEARCH_PATHS = "$(inherited) @executable_path/Frameworks";
				PRODUCT_NAME = "$(TARGET_NAME)";
			};
			name = Debug;
		};
		129C77101AF1E1430074D126 /* Release */ = {
			isa = XCBuildConfiguration;
			buildSettings = {
				ASSETCATALOG_COMPILER_APPICON_NAME = AppIcon;
				INFOPLIST_FILE = Brapzilla/Info.plist;
				LD_RUNPATH_SEARCH_PATHS = "$(inherited) @executable_path/Frameworks";
				PRODUCT_NAME = "$(TARGET_NAME)";
			};
			name = Release;
		};
		129C77121AF1E1430074D126 /* Debug */ = {
			isa = XCBuildConfiguration;
			buildSettings = {
				BUNDLE_LOADER = "$(TEST_HOST)";
				FRAMEWORK_SEARCH_PATHS = (
					"$(SDKROOT)/Developer/Library/Frameworks",
					"$(inherited)",
				);
				GCC_PREPROCESSOR_DEFINITIONS = (
					"DEBUG=1",
					"$(inherited)",
				);
				INFOPLIST_FILE = BrapzillaTests/Info.plist;
				LD_RUNPATH_SEARCH_PATHS = "$(inherited) @executable_path/Frameworks @loader_path/Frameworks";
				PRODUCT_NAME = "$(TARGET_NAME)";
				TEST_HOST = "$(BUILT_PRODUCTS_DIR)/Brapzilla.app/Brapzilla";
			};
			name = Debug;
		};
		129C77131AF1E1430074D126 /* Release */ = {
			isa = XCBuildConfiguration;
			buildSettings = {
				BUNDLE_LOADER = "$(TEST_HOST)";
				FRAMEWORK_SEARCH_PATHS = (
					"$(SDKROOT)/Developer/Library/Frameworks",
					"$(inherited)",
				);
				INFOPLIST_FILE = BrapzillaTests/Info.plist;
				LD_RUNPATH_SEARCH_PATHS = "$(inherited) @executable_path/Frameworks @loader_path/Frameworks";
				PRODUCT_NAME = "$(TARGET_NAME)";
				TEST_HOST = "$(BUILT_PRODUCTS_DIR)/Brapzilla.app/Brapzilla";
			};
			name = Release;
		};
/* End XCBuildConfiguration section */

/* Begin XCConfigurationList section */
		129C76E71AF1E1430074D126 /* Build configuration list for PBXProject "Brapzilla" */ = {
			isa = XCConfigurationList;
			buildConfigurations = (
				129C770C1AF1E1430074D126 /* Debug */,
				129C770D1AF1E1430074D126 /* Release */,
			);
			defaultConfigurationIsVisible = 0;
			defaultConfigurationName = Release;
		};
		129C770E1AF1E1430074D126 /* Build configuration list for PBXNativeTarget "Brapzilla" */ = {
			isa = XCConfigurationList;
			buildConfigurations = (
				129C770F1AF1E1430074D126 /* Debug */,
				129C77101AF1E1430074D126 /* Release */,
			);
			defaultConfigurationIsVisible = 0;
		};
		129C77111AF1E1430074D126 /* Build configuration list for PBXNativeTarget "BrapzillaTests" */ = {
			isa = XCConfigurationList;
			buildConfigurations = (
				129C77121AF1E1430074D126 /* Debug */,
				129C77131AF1E1430074D126 /* Release */,
			);
			defaultConfigurationIsVisible = 0;
		};
/* End XCConfigurationList section */

/* Begin XCVersionGroup section */
		129C76F31AF1E1430074D126 /* Brapzilla.xcdatamodeld */ = {
			isa = XCVersionGroup;
			children = (
				129C76F41AF1E1430074D126 /* Brapzilla.xcdatamodel */,
			);
			currentVersion = 129C76F41AF1E1430074D126 /* Brapzilla.xcdatamodel */;
			path = Brapzilla.xcdatamodeld;
			sourceTree = "<group>";
			versionGroupType = wrapper.xcdatamodel;
		};
/* End XCVersionGroup section */
	};
	rootObject = 129C76E41AF1E1430074D126 /* Project object */;
}
