// !$*UTF8*$!
{
	archiveVersion = 1;
	classes = {
	};
	objectVersion = 46;
	objects = {

/* Begin PBXBuildFile section */
		124CDFDE1B0C31B10019ED29 /* HeaderAvatarView.swift in Sources */ = {isa = PBXBuildFile; fileRef = 124CDFDD1B0C31B10019ED29 /* HeaderAvatarView.swift */; };
		124CDFE21B0C41070019ED29 /* TwitterCore.framework in Frameworks */ = {isa = PBXBuildFile; fileRef = 124CDFDF1B0C41070019ED29 /* TwitterCore.framework */; };
		124CDFE31B0C41070019ED29 /* DigitsKit.framework in Frameworks */ = {isa = PBXBuildFile; fileRef = 124CDFE01B0C41070019ED29 /* DigitsKit.framework */; };
		124CDFE41B0C41070019ED29 /* DigitsKitResources.bundle in Resources */ = {isa = PBXBuildFile; fileRef = 124CDFE11B0C41070019ED29 /* DigitsKitResources.bundle */; };
		124CDFE71B0C62020019ED29 /* profileViewController.swift in Sources */ = {isa = PBXBuildFile; fileRef = 124CDFE61B0C62020019ED29 /* profileViewController.swift */; };
		129C76F21AF1E1430074D126 /* AppDelegate.swift in Sources */ = {isa = PBXBuildFile; fileRef = 129C76F11AF1E1430074D126 /* AppDelegate.swift */; };
		129C76F51AF1E1430074D126 /* Brapzilla.xcdatamodeld in Sources */ = {isa = PBXBuildFile; fileRef = 129C76F31AF1E1430074D126 /* Brapzilla.xcdatamodeld */; };
		129C76F71AF1E1430074D126 /* ViewController.swift in Sources */ = {isa = PBXBuildFile; fileRef = 129C76F61AF1E1430074D126 /* ViewController.swift */; };
		129C76FA1AF1E1430074D126 /* Main.storyboard in Resources */ = {isa = PBXBuildFile; fileRef = 129C76F81AF1E1430074D126 /* Main.storyboard */; };
		129C76FC1AF1E1430074D126 /* Images.xcassets in Resources */ = {isa = PBXBuildFile; fileRef = 129C76FB1AF1E1430074D126 /* Images.xcassets */; };
		129C76FF1AF1E1430074D126 /* LaunchScreen.xib in Resources */ = {isa = PBXBuildFile; fileRef = 129C76FD1AF1E1430074D126 /* LaunchScreen.xib */; };
		129C770B1AF1E1430074D126 /* BrapzillaTests.swift in Sources */ = {isa = PBXBuildFile; fileRef = 129C770A1AF1E1430074D126 /* BrapzillaTests.swift */; };
		129C77191AF1E1F80074D126 /* OnboardingViewController.swift in Sources */ = {isa = PBXBuildFile; fileRef = 129C77181AF1E1F80074D126 /* OnboardingViewController.swift */; };
		129C771B1AF1E2940074D126 /* AppFlow.swift in Sources */ = {isa = PBXBuildFile; fileRef = 129C771A1AF1E2940074D126 /* AppFlow.swift */; };
		129C771E1AF1F34B0074D126 /* OnboardingContentViewController.swift in Sources */ = {isa = PBXBuildFile; fileRef = 129C771D1AF1F34B0074D126 /* OnboardingContentViewController.swift */; };
		129C77211AF2029B0074D126 /* OnboardingPageView.swift in Sources */ = {isa = PBXBuildFile; fileRef = 129C77201AF2029B0074D126 /* OnboardingPageView.swift */; };
		129C77241AF215FE0074D126 /* Bolts.framework in Frameworks */ = {isa = PBXBuildFile; fileRef = 129C77221AF215FE0074D126 /* Bolts.framework */; };
		129C77251AF215FE0074D126 /* Parse.framework in Frameworks */ = {isa = PBXBuildFile; fileRef = 129C77231AF215FE0074D126 /* Parse.framework */; };
		129C77281AF216D70074D126 /* Accounts.framework in Frameworks */ = {isa = PBXBuildFile; fileRef = 129C77271AF216D70074D126 /* Accounts.framework */; };
		129C772A1AF216E30074D126 /* AudioToolbox.framework in Frameworks */ = {isa = PBXBuildFile; fileRef = 129C77291AF216E30074D126 /* AudioToolbox.framework */; };
		129C772C1AF2170A0074D126 /* CFNetwork.framework in Frameworks */ = {isa = PBXBuildFile; fileRef = 129C772B1AF2170A0074D126 /* CFNetwork.framework */; };
		129C772E1AF217310074D126 /* CoreGraphics.framework in Frameworks */ = {isa = PBXBuildFile; fileRef = 129C772D1AF217310074D126 /* CoreGraphics.framework */; };
		129C77301AF2173B0074D126 /* CoreLocation.framework in Frameworks */ = {isa = PBXBuildFile; fileRef = 129C772F1AF2173B0074D126 /* CoreLocation.framework */; };
		129C77321AF217520074D126 /* MobileCoreServices.framework in Frameworks */ = {isa = PBXBuildFile; fileRef = 129C77311AF217520074D126 /* MobileCoreServices.framework */; };
		129C77341AF217600074D126 /* QuartzCore.framework in Frameworks */ = {isa = PBXBuildFile; fileRef = 129C77331AF217600074D126 /* QuartzCore.framework */; };
		129C77361AF2176E0074D126 /* Security.framework in Frameworks */ = {isa = PBXBuildFile; fileRef = 129C77351AF2176E0074D126 /* Security.framework */; };
		129C77381AF217770074D126 /* Social.framework in Frameworks */ = {isa = PBXBuildFile; fileRef = 129C77371AF217770074D126 /* Social.framework */; };
		129C773A1AF217860074D126 /* StoreKit.framework in Frameworks */ = {isa = PBXBuildFile; fileRef = 129C77391AF217860074D126 /* StoreKit.framework */; };
		129C773C1AF2179C0074D126 /* SystemConfiguration.framework in Frameworks */ = {isa = PBXBuildFile; fileRef = 129C773B1AF2179C0074D126 /* SystemConfiguration.framework */; };
		129C773E1AF217AE0074D126 /* libz.dylib in Frameworks */ = {isa = PBXBuildFile; fileRef = 129C773D1AF217AE0074D126 /* libz.dylib */; };
		129C77401AF217C20074D126 /* libsqlite3.dylib in Frameworks */ = {isa = PBXBuildFile; fileRef = 129C773F1AF217C20074D126 /* libsqlite3.dylib */; };
		129C77421AF220400074D126 /* ParseFacebookUtilsV4.framework in Frameworks */ = {isa = PBXBuildFile; fileRef = 129C77411AF220400074D126 /* ParseFacebookUtilsV4.framework */; };
		12C031E41B0AC22C0000A153 /* SettingsViewController.swift in Sources */ = {isa = PBXBuildFile; fileRef = 12C031E31B0AC22C0000A153 /* SettingsViewController.swift */; };
		12C031E71B0AC6F50000A153 /* SettingsView.swift in Sources */ = {isa = PBXBuildFile; fileRef = 12C031E61B0AC6F50000A153 /* SettingsView.swift */; };
		12C031EB1B0B15CE0000A153 /* SettingsPresentationController.swift in Sources */ = {isa = PBXBuildFile; fileRef = 12C031EA1B0B15CE0000A153 /* SettingsPresentationController.swift */; };
		12C031ED1B0B15EB0000A153 /* SettingsPresetationManager.swift in Sources */ = {isa = PBXBuildFile; fileRef = 12C031EC1B0B15EB0000A153 /* SettingsPresetationManager.swift */; };
		12C031EF1B0B161A0000A153 /* SettingsPresetationAnimator.swift in Sources */ = {isa = PBXBuildFile; fileRef = 12C031EE1B0B161A0000A153 /* SettingsPresetationAnimator.swift */; };
		12C4F1351B0553230077566B /* UserServices.swift in Sources */ = {isa = PBXBuildFile; fileRef = 12C4F1341B0553230077566B /* UserServices.swift */; };
		12E6446C1B01832C00D4BBA3 /* FixedOnboardingView.swift in Sources */ = {isa = PBXBuildFile; fileRef = 12E6446B1B01832C00D4BBA3 /* FixedOnboardingView.swift */; };
		12E644711B01B09400D4BBA3 /* Fabric.framework in Frameworks */ = {isa = PBXBuildFile; fileRef = 12E6446E1B01B09400D4BBA3 /* Fabric.framework */; };
		12E644721B01B09400D4BBA3 /* TwitterKit.framework in Frameworks */ = {isa = PBXBuildFile; fileRef = 12E6446F1B01B09400D4BBA3 /* TwitterKit.framework */; };
		12E644731B01B09400D4BBA3 /* TwitterKitResources.bundle in Resources */ = {isa = PBXBuildFile; fileRef = 12E644701B01B09400D4BBA3 /* TwitterKitResources.bundle */; };
		12E6447C1B02A0C600D4BBA3 /* RideListViewController.swift in Sources */ = {isa = PBXBuildFile; fileRef = 12E6447B1B02A0C600D4BBA3 /* RideListViewController.swift */; };
		12E869081B2123A900496A51 /* ProfilePresentationController.swift in Sources */ = {isa = PBXBuildFile; fileRef = 12E869071B2123A900496A51 /* ProfilePresentationController.swift */; };
		12E8690A1B2123D600496A51 /* ProfilePresetationManager.swift in Sources */ = {isa = PBXBuildFile; fileRef = 12E869091B2123D600496A51 /* ProfilePresetationManager.swift */; };
		12E8690C1B2123FE00496A51 /* ProfilePresentationAnimator.swift in Sources */ = {isa = PBXBuildFile; fileRef = 12E8690B1B2123FE00496A51 /* ProfilePresentationAnimator.swift */; };
		12EE81531AF87757002F642B /* UIColor+AppColor.swift in Sources */ = {isa = PBXBuildFile; fileRef = 12EE81521AF87757002F642B /* UIColor+AppColor.swift */; };
		12EE81551AF87AA1002F642B /* UIFont+AppFont.swift in Sources */ = {isa = PBXBuildFile; fileRef = 12EE81541AF87AA1002F642B /* UIFont+AppFont.swift */; };
/* End PBXBuildFile section */

/* Begin PBXContainerItemProxy section */
		129C77051AF1E1430074D126 /* PBXContainerItemProxy */ = {
			isa = PBXContainerItemProxy;
			containerPortal = 129C76E41AF1E1430074D126 /* Project object */;
			proxyType = 1;
			remoteGlobalIDString = 129C76EB1AF1E1430074D126;
			remoteInfo = Brapzilla;
		};
/* End PBXContainerItemProxy section */

/* Begin PBXFileReference section */
		124CDFDD1B0C31B10019ED29 /* HeaderAvatarView.swift */ = {isa = PBXFileReference; fileEncoding = 4; lastKnownFileType = sourcecode.swift; path = HeaderAvatarView.swift; sourceTree = "<group>"; };
		124CDFDF1B0C41070019ED29 /* TwitterCore.framework */ = {isa = PBXFileReference; lastKnownFileType = wrapper.framework; path = TwitterCore.framework; sourceTree = "<group>"; };
		124CDFE01B0C41070019ED29 /* DigitsKit.framework */ = {isa = PBXFileReference; lastKnownFileType = wrapper.framework; path = DigitsKit.framework; sourceTree = "<group>"; };
		124CDFE11B0C41070019ED29 /* DigitsKitResources.bundle */ = {isa = PBXFileReference; lastKnownFileType = "wrapper.plug-in"; name = DigitsKitResources.bundle; path = DigitsKit.framework/Versions/A/Resources/DigitsKitResources.bundle; sourceTree = "<group>"; };
		124CDFE61B0C62020019ED29 /* profileViewController.swift */ = {isa = PBXFileReference; fileEncoding = 4; lastKnownFileType = sourcecode.swift; path = profileViewController.swift; sourceTree = "<group>"; };
		129C76EC1AF1E1430074D126 /* brapzilla.temp_caseinsensitive_rename.app */ = {isa = PBXFileReference; explicitFileType = wrapper.application; includeInIndex = 0; path = brapzilla.temp_caseinsensitive_rename.app; sourceTree = BUILT_PRODUCTS_DIR; };
		129C76F01AF1E1430074D126 /* Info.plist */ = {isa = PBXFileReference; lastKnownFileType = text.plist.xml; path = Info.plist; sourceTree = "<group>"; };
		129C76F11AF1E1430074D126 /* AppDelegate.swift */ = {isa = PBXFileReference; lastKnownFileType = sourcecode.swift; name = AppDelegate.swift; path = ../AppDelegate.swift; sourceTree = "<group>"; };
		129C76F41AF1E1430074D126 /* Brapzilla.xcdatamodel */ = {isa = PBXFileReference; lastKnownFileType = wrapper.xcdatamodel; path = Brapzilla.xcdatamodel; sourceTree = "<group>"; };
		129C76F61AF1E1430074D126 /* ViewController.swift */ = {isa = PBXFileReference; lastKnownFileType = sourcecode.swift; path = ViewController.swift; sourceTree = "<group>"; };
		129C76F91AF1E1430074D126 /* Base */ = {isa = PBXFileReference; lastKnownFileType = file.storyboard; name = Base; path = Base.lproj/Main.storyboard; sourceTree = "<group>"; };
		129C76FB1AF1E1430074D126 /* Images.xcassets */ = {isa = PBXFileReference; lastKnownFileType = folder.assetcatalog; path = Images.xcassets; sourceTree = "<group>"; };
		129C76FE1AF1E1430074D126 /* Base */ = {isa = PBXFileReference; lastKnownFileType = file.xib; name = Base; path = Base.lproj/LaunchScreen.xib; sourceTree = "<group>"; };
		129C77041AF1E1430074D126 /* brapzilla.temp_caseinsensitive_renameTests.xctest */ = {isa = PBXFileReference; explicitFileType = wrapper.cfbundle; includeInIndex = 0; path = brapzilla.temp_caseinsensitive_renameTests.xctest; sourceTree = BUILT_PRODUCTS_DIR; };
		129C77091AF1E1430074D126 /* Info.plist */ = {isa = PBXFileReference; lastKnownFileType = text.plist.xml; path = Info.plist; sourceTree = "<group>"; };
		129C770A1AF1E1430074D126 /* BrapzillaTests.swift */ = {isa = PBXFileReference; lastKnownFileType = sourcecode.swift; path = BrapzillaTests.swift; sourceTree = "<group>"; };
		129C77181AF1E1F80074D126 /* OnboardingViewController.swift */ = {isa = PBXFileReference; fileEncoding = 4; lastKnownFileType = sourcecode.swift; path = OnboardingViewController.swift; sourceTree = "<group>"; };
		129C771A1AF1E2940074D126 /* AppFlow.swift */ = {isa = PBXFileReference; fileEncoding = 4; lastKnownFileType = sourcecode.swift; path = AppFlow.swift; sourceTree = "<group>"; };
		129C771D1AF1F34B0074D126 /* OnboardingContentViewController.swift */ = {isa = PBXFileReference; fileEncoding = 4; lastKnownFileType = sourcecode.swift; path = OnboardingContentViewController.swift; sourceTree = "<group>"; };
		129C77201AF2029B0074D126 /* OnboardingPageView.swift */ = {isa = PBXFileReference; fileEncoding = 4; lastKnownFileType = sourcecode.swift; path = OnboardingPageView.swift; sourceTree = "<group>"; };
		129C77221AF215FE0074D126 /* Bolts.framework */ = {isa = PBXFileReference; lastKnownFileType = wrapper.framework; path = Bolts.framework; sourceTree = "<group>"; };
		129C77231AF215FE0074D126 /* Parse.framework */ = {isa = PBXFileReference; lastKnownFileType = wrapper.framework; path = Parse.framework; sourceTree = "<group>"; };
		129C77271AF216D70074D126 /* Accounts.framework */ = {isa = PBXFileReference; lastKnownFileType = wrapper.framework; name = Accounts.framework; path = System/Library/Frameworks/Accounts.framework; sourceTree = SDKROOT; };
		129C77291AF216E30074D126 /* AudioToolbox.framework */ = {isa = PBXFileReference; lastKnownFileType = wrapper.framework; name = AudioToolbox.framework; path = System/Library/Frameworks/AudioToolbox.framework; sourceTree = SDKROOT; };
		129C772B1AF2170A0074D126 /* CFNetwork.framework */ = {isa = PBXFileReference; lastKnownFileType = wrapper.framework; name = CFNetwork.framework; path = System/Library/Frameworks/CFNetwork.framework; sourceTree = SDKROOT; };
		129C772D1AF217310074D126 /* CoreGraphics.framework */ = {isa = PBXFileReference; lastKnownFileType = wrapper.framework; name = CoreGraphics.framework; path = System/Library/Frameworks/CoreGraphics.framework; sourceTree = SDKROOT; };
		129C772F1AF2173B0074D126 /* CoreLocation.framework */ = {isa = PBXFileReference; lastKnownFileType = wrapper.framework; name = CoreLocation.framework; path = System/Library/Frameworks/CoreLocation.framework; sourceTree = SDKROOT; };
		129C77311AF217520074D126 /* MobileCoreServices.framework */ = {isa = PBXFileReference; lastKnownFileType = wrapper.framework; name = MobileCoreServices.framework; path = System/Library/Frameworks/MobileCoreServices.framework; sourceTree = SDKROOT; };
		129C77331AF217600074D126 /* QuartzCore.framework */ = {isa = PBXFileReference; lastKnownFileType = wrapper.framework; name = QuartzCore.framework; path = System/Library/Frameworks/QuartzCore.framework; sourceTree = SDKROOT; };
		129C77351AF2176E0074D126 /* Security.framework */ = {isa = PBXFileReference; lastKnownFileType = wrapper.framework; name = Security.framework; path = System/Library/Frameworks/Security.framework; sourceTree = SDKROOT; };
		129C77371AF217770074D126 /* Social.framework */ = {isa = PBXFileReference; lastKnownFileType = wrapper.framework; name = Social.framework; path = System/Library/Frameworks/Social.framework; sourceTree = SDKROOT; };
		129C77391AF217860074D126 /* StoreKit.framework */ = {isa = PBXFileReference; lastKnownFileType = wrapper.framework; name = StoreKit.framework; path = System/Library/Frameworks/StoreKit.framework; sourceTree = SDKROOT; };
		129C773B1AF2179C0074D126 /* SystemConfiguration.framework */ = {isa = PBXFileReference; lastKnownFileType = wrapper.framework; name = SystemConfiguration.framework; path = System/Library/Frameworks/SystemConfiguration.framework; sourceTree = SDKROOT; };
		129C773D1AF217AE0074D126 /* libz.dylib */ = {isa = PBXFileReference; lastKnownFileType = "compiled.mach-o.dylib"; name = libz.dylib; path = usr/lib/libz.dylib; sourceTree = SDKROOT; };
		129C773F1AF217C20074D126 /* libsqlite3.dylib */ = {isa = PBXFileReference; lastKnownFileType = "compiled.mach-o.dylib"; name = libsqlite3.dylib; path = usr/lib/libsqlite3.dylib; sourceTree = SDKROOT; };
		129C77411AF220400074D126 /* ParseFacebookUtilsV4.framework */ = {isa = PBXFileReference; lastKnownFileType = wrapper.framework; path = ParseFacebookUtilsV4.framework; sourceTree = "<group>"; };
		12C031E31B0AC22C0000A153 /* SettingsViewController.swift */ = {isa = PBXFileReference; fileEncoding = 4; lastKnownFileType = sourcecode.swift; path = SettingsViewController.swift; sourceTree = "<group>"; };
		12C031E61B0AC6F50000A153 /* SettingsView.swift */ = {isa = PBXFileReference; fileEncoding = 4; lastKnownFileType = sourcecode.swift; path = SettingsView.swift; sourceTree = "<group>"; };
		12C031EA1B0B15CE0000A153 /* SettingsPresentationController.swift */ = {isa = PBXFileReference; fileEncoding = 4; lastKnownFileType = sourcecode.swift; path = SettingsPresentationController.swift; sourceTree = "<group>"; };
		12C031EC1B0B15EB0000A153 /* SettingsPresetationManager.swift */ = {isa = PBXFileReference; fileEncoding = 4; lastKnownFileType = sourcecode.swift; path = SettingsPresetationManager.swift; sourceTree = "<group>"; };
		12C031EE1B0B161A0000A153 /* SettingsPresetationAnimator.swift */ = {isa = PBXFileReference; fileEncoding = 4; lastKnownFileType = sourcecode.swift; path = SettingsPresetationAnimator.swift; sourceTree = "<group>"; };
		12C4F1341B0553230077566B /* UserServices.swift */ = {isa = PBXFileReference; fileEncoding = 4; lastKnownFileType = sourcecode.swift; path = UserServices.swift; sourceTree = "<group>"; };
		12E6446B1B01832C00D4BBA3 /* FixedOnboardingView.swift */ = {isa = PBXFileReference; fileEncoding = 4; lastKnownFileType = sourcecode.swift; path = FixedOnboardingView.swift; sourceTree = "<group>"; };
		12E6446E1B01B09400D4BBA3 /* Fabric.framework */ = {isa = PBXFileReference; lastKnownFileType = wrapper.framework; path = Fabric.framework; sourceTree = "<group>"; };
		12E6446F1B01B09400D4BBA3 /* TwitterKit.framework */ = {isa = PBXFileReference; lastKnownFileType = wrapper.framework; path = TwitterKit.framework; sourceTree = "<group>"; };
		12E644701B01B09400D4BBA3 /* TwitterKitResources.bundle */ = {isa = PBXFileReference; lastKnownFileType = "wrapper.plug-in"; name = TwitterKitResources.bundle; path = TwitterKit.framework/Versions/A/Resources/TwitterKitResources.bundle; sourceTree = "<group>"; };
		12E6447B1B02A0C600D4BBA3 /* RideListViewController.swift */ = {isa = PBXFileReference; fileEncoding = 4; lastKnownFileType = sourcecode.swift; path = RideListViewController.swift; sourceTree = "<group>"; };
		12E869071B2123A900496A51 /* ProfilePresentationController.swift */ = {isa = PBXFileReference; fileEncoding = 4; lastKnownFileType = sourcecode.swift; name = ProfilePresentationController.swift; path = ProfileTrasition/ProfilePresentationController.swift; sourceTree = "<group>"; };
		12E869091B2123D600496A51 /* ProfilePresetationManager.swift */ = {isa = PBXFileReference; fileEncoding = 4; lastKnownFileType = sourcecode.swift; path = ProfilePresetationManager.swift; sourceTree = "<group>"; };
		12E8690B1B2123FE00496A51 /* ProfilePresentationAnimator.swift */ = {isa = PBXFileReference; fileEncoding = 4; lastKnownFileType = sourcecode.swift; path = ProfilePresentationAnimator.swift; sourceTree = "<group>"; };
		12EE81521AF87757002F642B /* UIColor+AppColor.swift */ = {isa = PBXFileReference; fileEncoding = 4; lastKnownFileType = sourcecode.swift; path = "UIColor+AppColor.swift"; sourceTree = "<group>"; };
		12EE81541AF87AA1002F642B /* UIFont+AppFont.swift */ = {isa = PBXFileReference; fileEncoding = 4; lastKnownFileType = sourcecode.swift; path = "UIFont+AppFont.swift"; sourceTree = "<group>"; };
/* End PBXFileReference section */

/* Begin PBXFrameworksBuildPhase section */
		129C76E91AF1E1430074D126 /* Frameworks */ = {
			isa = PBXFrameworksBuildPhase;
			buildActionMask = 2147483647;
			files = (
				129C77401AF217C20074D126 /* libsqlite3.dylib in Frameworks */,
				129C773E1AF217AE0074D126 /* libz.dylib in Frameworks */,
				129C773C1AF2179C0074D126 /* SystemConfiguration.framework in Frameworks */,
				129C773A1AF217860074D126 /* StoreKit.framework in Frameworks */,
				129C77381AF217770074D126 /* Social.framework in Frameworks */,
				129C77361AF2176E0074D126 /* Security.framework in Frameworks */,
				129C77341AF217600074D126 /* QuartzCore.framework in Frameworks */,
				129C77321AF217520074D126 /* MobileCoreServices.framework in Frameworks */,
				129C77301AF2173B0074D126 /* CoreLocation.framework in Frameworks */,
				129C772E1AF217310074D126 /* CoreGraphics.framework in Frameworks */,
				124CDFE21B0C41070019ED29 /* TwitterCore.framework in Frameworks */,
				129C77421AF220400074D126 /* ParseFacebookUtilsV4.framework in Frameworks */,
				129C772C1AF2170A0074D126 /* CFNetwork.framework in Frameworks */,
				129C772A1AF216E30074D126 /* AudioToolbox.framework in Frameworks */,
				129C77281AF216D70074D126 /* Accounts.framework in Frameworks */,
				129C77251AF215FE0074D126 /* Parse.framework in Frameworks */,
				12E644711B01B09400D4BBA3 /* Fabric.framework in Frameworks */,
				129C77241AF215FE0074D126 /* Bolts.framework in Frameworks */,
				12E644721B01B09400D4BBA3 /* TwitterKit.framework in Frameworks */,
				124CDFE31B0C41070019ED29 /* DigitsKit.framework in Frameworks */,
			);
			runOnlyForDeploymentPostprocessing = 0;
		};
		129C77011AF1E1430074D126 /* Frameworks */ = {
			isa = PBXFrameworksBuildPhase;
			buildActionMask = 2147483647;
			files = (
			);
			runOnlyForDeploymentPostprocessing = 0;
		};
/* End PBXFrameworksBuildPhase section */

/* Begin PBXGroup section */
		124CDFDC1B0C31540019ED29 /* Views */ = {
			isa = PBXGroup;
			children = (
				124CDFDD1B0C31B10019ED29 /* HeaderAvatarView.swift */,
			);
			path = Views;
			sourceTree = "<group>";
		};
		124CDFE51B0C5DD90019ED29 /* profile */ = {
			isa = PBXGroup;
			children = (
				124CDFE61B0C62020019ED29 /* profileViewController.swift */,
			);
			name = profile;
			sourceTree = "<group>";
		};
		129C76E31AF1E1430074D126 = {
			isa = PBXGroup;
			children = (
				129C76EE1AF1E1430074D126 /* Brapzilla */,
				129C77071AF1E1430074D126 /* BrapzillaTests */,
				129C76ED1AF1E1430074D126 /* Products */,
				129C77261AF216160074D126 /* Frameworks */,
			);
			sourceTree = "<group>";
		};
		129C76ED1AF1E1430074D126 /* Products */ = {
			isa = PBXGroup;
			children = (
				129C76EC1AF1E1430074D126 /* brapzilla.temp_caseinsensitive_rename.app */,
				129C77041AF1E1430074D126 /* brapzilla.temp_caseinsensitive_renameTests.xctest */,
			);
			name = Products;
			sourceTree = "<group>";
		};
		129C76EE1AF1E1430074D126 /* Brapzilla */ = {
			isa = PBXGroup;
			children = (
				124CDFDC1B0C31540019ED29 /* Views */,
				12C031E81B0B14CD0000A153 /* Custom Trasitions */,
				129C77171AF1E1B30074D126 /* Services */,
				129C77161AF1E18D0074D126 /* Extensions */,
				129C77151AF1E1750074D126 /* Controllers */,
				129C77141AF1E1530074D126 /* Models */,
				129C76EF1AF1E1430074D126 /* Supporting Files */,
				129C76F61AF1E1430074D126 /* ViewController.swift */,
				129C76F81AF1E1430074D126 /* Main.storyboard */,
				129C76FB1AF1E1430074D126 /* Images.xcassets */,
				129C76FD1AF1E1430074D126 /* LaunchScreen.xib */,
				129C76F31AF1E1430074D126 /* Brapzilla.xcdatamodeld */,
			);
			path = Brapzilla;
			sourceTree = "<group>";
		};
		129C76EF1AF1E1430074D126 /* Supporting Files */ = {
			isa = PBXGroup;
			children = (
				129C76F01AF1E1430074D126 /* Info.plist */,
			);
			name = "Supporting Files";
			sourceTree = "<group>";
		};
		129C77071AF1E1430074D126 /* BrapzillaTests */ = {
			isa = PBXGroup;
			children = (
				129C770A1AF1E1430074D126 /* BrapzillaTests.swift */,
				129C77081AF1E1430074D126 /* Supporting Files */,
			);
			path = BrapzillaTests;
			sourceTree = "<group>";
		};
		129C77081AF1E1430074D126 /* Supporting Files */ = {
			isa = PBXGroup;
			children = (
				129C77091AF1E1430074D126 /* Info.plist */,
			);
			name = "Supporting Files";
			sourceTree = "<group>";
		};
		129C77141AF1E1530074D126 /* Models */ = {
			isa = PBXGroup;
			children = (
			);
			path = Models;
			sourceTree = "<group>";
		};
		129C77151AF1E1750074D126 /* Controllers */ = {
			isa = PBXGroup;
			children = (
				124CDFE51B0C5DD90019ED29 /* profile */,
				12C031E21B0AC1F70000A153 /* Settings */,
				12E6447A1B02930500D4BBA3 /* RideList */,
				129C771C1AF1E3BB0074D126 /* Onboarding */,
			);
			path = Controllers;
			sourceTree = "<group>";
		};
		129C77161AF1E18D0074D126 /* Extensions */ = {
			isa = PBXGroup;
			children = (
				12EE81521AF87757002F642B /* UIColor+AppColor.swift */,
				12EE81541AF87AA1002F642B /* UIFont+AppFont.swift */,
			);
			path = Extensions;
			sourceTree = "<group>";
		};
		129C77171AF1E1B30074D126 /* Services */ = {
			isa = PBXGroup;
			children = (
				129C76F11AF1E1430074D126 /* AppDelegate.swift */,
				129C771A1AF1E2940074D126 /* AppFlow.swift */,
				12C4F1341B0553230077566B /* UserServices.swift */,
			);
			path = Services;
			sourceTree = "<group>";
		};
		129C771C1AF1E3BB0074D126 /* Onboarding */ = {
			isa = PBXGroup;
			children = (
				129C771F1AF2025D0074D126 /* Views */,
				129C77181AF1E1F80074D126 /* OnboardingViewController.swift */,
				129C771D1AF1F34B0074D126 /* OnboardingContentViewController.swift */,
			);
			name = Onboarding;
			sourceTree = "<group>";
		};
		129C771F1AF2025D0074D126 /* Views */ = {
			isa = PBXGroup;
			children = (
				129C77201AF2029B0074D126 /* OnboardingPageView.swift */,
				12E6446B1B01832C00D4BBA3 /* FixedOnboardingView.swift */,
			);
			name = Views;
			sourceTree = "<group>";
		};
		129C77261AF216160074D126 /* Frameworks */ = {
			isa = PBXGroup;
			children = (
				124CDFDF1B0C41070019ED29 /* TwitterCore.framework */,
				124CDFE01B0C41070019ED29 /* DigitsKit.framework */,
				124CDFE11B0C41070019ED29 /* DigitsKitResources.bundle */,
				12E6446E1B01B09400D4BBA3 /* Fabric.framework */,
				12E6446F1B01B09400D4BBA3 /* TwitterKit.framework */,
				12E644701B01B09400D4BBA3 /* TwitterKitResources.bundle */,
				129C773F1AF217C20074D126 /* libsqlite3.dylib */,
				129C773D1AF217AE0074D126 /* libz.dylib */,
				129C77411AF220400074D126 /* ParseFacebookUtilsV4.framework */,
				129C773B1AF2179C0074D126 /* SystemConfiguration.framework */,
				129C77391AF217860074D126 /* StoreKit.framework */,
				129C77371AF217770074D126 /* Social.framework */,
				129C77351AF2176E0074D126 /* Security.framework */,
				129C77331AF217600074D126 /* QuartzCore.framework */,
				129C77311AF217520074D126 /* MobileCoreServices.framework */,
				129C772F1AF2173B0074D126 /* CoreLocation.framework */,
				129C772D1AF217310074D126 /* CoreGraphics.framework */,
				129C772B1AF2170A0074D126 /* CFNetwork.framework */,
				129C77291AF216E30074D126 /* AudioToolbox.framework */,
				129C77271AF216D70074D126 /* Accounts.framework */,
				129C77221AF215FE0074D126 /* Bolts.framework */,
				129C77231AF215FE0074D126 /* Parse.framework */,
			);
			name = Frameworks;
			sourceTree = "<group>";
		};
		12C031E21B0AC1F70000A153 /* Settings */ = {
			isa = PBXGroup;
			children = (
				12C031E51B0AC6DD0000A153 /* Views */,
				12C031E31B0AC22C0000A153 /* SettingsViewController.swift */,
			);
			name = Settings;
			sourceTree = "<group>";
		};
		12C031E51B0AC6DD0000A153 /* Views */ = {
			isa = PBXGroup;
			children = (
				12C031E61B0AC6F50000A153 /* SettingsView.swift */,
			);
			name = Views;
			sourceTree = "<group>";
		};
		12C031E81B0B14CD0000A153 /* Custom Trasitions */ = {
			isa = PBXGroup;
			children = (
				12E869061B21233000496A51 /* Profile Transition */,
				12C031E91B0B15020000A153 /* Settings Transition */,
			);
			name = "Custom Trasitions";
			path = CustomTrasitions;
			sourceTree = "<group>";
		};
		12C031E91B0B15020000A153 /* Settings Transition */ = {
			isa = PBXGroup;
			children = (
				12C031EA1B0B15CE0000A153 /* SettingsPresentationController.swift */,
				12C031EC1B0B15EB0000A153 /* SettingsPresetationManager.swift */,
				12C031EE1B0B161A0000A153 /* SettingsPresetationAnimator.swift */,
			);
			name = "Settings Transition";
			path = SettingsTransition;
			sourceTree = "<group>";
		};
		12E6447A1B02930500D4BBA3 /* RideList */ = {
			isa = PBXGroup;
			children = (
				12E6447B1B02A0C600D4BBA3 /* RideListViewController.swift */,
			);
			name = RideList;
			sourceTree = "<group>";
		};
		12E869061B21233000496A51 /* Profile Transition */ = {
			isa = PBXGroup;
			children = (
				12E869071B2123A900496A51 /* ProfilePresentationController.swift */,
				12E869091B2123D600496A51 /* ProfilePresetationManager.swift */,
				12E8690B1B2123FE00496A51 /* ProfilePresentationAnimator.swift */,
			);
			name = "Profile Transition";
			sourceTree = "<group>";
		};
/* End PBXGroup section */

/* Begin PBXNativeTarget section */
		129C76EB1AF1E1430074D126 /* brapzilla.temp_caseinsensitive_rename */ = {
			isa = PBXNativeTarget;
			buildConfigurationList = 129C770E1AF1E1430074D126 /* Build configuration list for PBXNativeTarget "brapzilla.temp_caseinsensitive_rename" */;
			buildPhases = (
				129C76E81AF1E1430074D126 /* Sources */,
				129C76E91AF1E1430074D126 /* Frameworks */,
				129C76EA1AF1E1430074D126 /* Resources */,
				12E6446D1B01AFCC00D4BBA3 /* ShellScript */,
			);
			buildRules = (
			);
			dependencies = (
			);
			name = brapzilla.temp_caseinsensitive_rename;
			productName = Brapzilla;
			productReference = 129C76EC1AF1E1430074D126 /* brapzilla.temp_caseinsensitive_rename.app */;
			productType = "com.apple.product-type.application";
		};
		129C77031AF1E1430074D126 /* brapzilla.temp_caseinsensitive_renameTests */ = {
			isa = PBXNativeTarget;
			buildConfigurationList = 129C77111AF1E1430074D126 /* Build configuration list for PBXNativeTarget "brapzilla.temp_caseinsensitive_renameTests" */;
			buildPhases = (
				129C77001AF1E1430074D126 /* Sources */,
				129C77011AF1E1430074D126 /* Frameworks */,
				129C77021AF1E1430074D126 /* Resources */,
			);
			buildRules = (
			);
			dependencies = (
				129C77061AF1E1430074D126 /* PBXTargetDependency */,
			);
			name = brapzilla.temp_caseinsensitive_renameTests;
			productName = BrapzillaTests;
			productReference = 129C77041AF1E1430074D126 /* brapzilla.temp_caseinsensitive_renameTests.xctest */;
			productType = "com.apple.product-type.bundle.unit-test";
		};
/* End PBXNativeTarget section */

/* Begin PBXProject section */
		129C76E41AF1E1430074D126 /* Project object */ = {
			isa = PBXProject;
			attributes = {
				LastUpgradeCheck = 0630;
				ORGANIZATIONNAME = "Pedro Peres";
				TargetAttributes = {
					129C76EB1AF1E1430074D126 = {
						CreatedOnToolsVersion = 6.3.1;
					};
					129C77031AF1E1430074D126 = {
						CreatedOnToolsVersion = 6.3.1;
						TestTargetID = 129C76EB1AF1E1430074D126;
					};
				};
			};
			buildConfigurationList = 129C76E71AF1E1430074D126 /* Build configuration list for PBXProject "brapzilla" */;
			compatibilityVersion = "Xcode 3.2";
			developmentRegion = English;
			hasScannedForEncodings = 0;
			knownRegions = (
				en,
				Base,
			);
			mainGroup = 129C76E31AF1E1430074D126;
			productRefGroup = 129C76ED1AF1E1430074D126 /* Products */;
			projectDirPath = "";
			projectRoot = "";
			targets = (
				129C76EB1AF1E1430074D126 /* brapzilla.temp_caseinsensitive_rename */,
				129C77031AF1E1430074D126 /* brapzilla.temp_caseinsensitive_renameTests */,
			);
		};
/* End PBXProject section */

/* Begin PBXResourcesBuildPhase section */
		129C76EA1AF1E1430074D126 /* Resources */ = {
			isa = PBXResourcesBuildPhase;
			buildActionMask = 2147483647;
			files = (
				124CDFE41B0C41070019ED29 /* DigitsKitResources.bundle in Resources */,
				12E644731B01B09400D4BBA3 /* TwitterKitResources.bundle in Resources */,
				129C76FA1AF1E1430074D126 /* Main.storyboard in Resources */,
				129C76FF1AF1E1430074D126 /* LaunchScreen.xib in Resources */,
				129C76FC1AF1E1430074D126 /* Images.xcassets in Resources */,
			);
			runOnlyForDeploymentPostprocessing = 0;
		};
		129C77021AF1E1430074D126 /* Resources */ = {
			isa = PBXResourcesBuildPhase;
			buildActionMask = 2147483647;
			files = (
			);
			runOnlyForDeploymentPostprocessing = 0;
		};
/* End PBXResourcesBuildPhase section */

/* Begin PBXShellScriptBuildPhase section */
		12E6446D1B01AFCC00D4BBA3 /* ShellScript */ = {
			isa = PBXShellScriptBuildPhase;
			buildActionMask = 2147483647;
			files = (
			);
			inputPaths = (
			);
			outputPaths = (
			);
			runOnlyForDeploymentPostprocessing = 0;
			shellPath = /bin/sh;
			shellScript = "./Fabric.framework/run 7e1131a5969b864e81880534b5405a60202472bd 5837f5cc4058ce98f9192b5dfb69dc4297cf06b86faa82835c155809e72429df";
		};
/* End PBXShellScriptBuildPhase section */

/* Begin PBXSourcesBuildPhase section */
		129C76E81AF1E1430074D126 /* Sources */ = {
			isa = PBXSourcesBuildPhase;
			buildActionMask = 2147483647;
			files = (
				124CDFE71B0C62020019ED29 /* profileViewController.swift in Sources */,
				129C76F71AF1E1430074D126 /* ViewController.swift in Sources */,
				12E8690A1B2123D600496A51 /* ProfilePresetationManager.swift in Sources */,
				129C77211AF2029B0074D126 /* OnboardingPageView.swift in Sources */,
				129C76F21AF1E1430074D126 /* AppDelegate.swift in Sources */,
				12C031EF1B0B161A0000A153 /* SettingsPresetationAnimator.swift in Sources */,
				124CDFDE1B0C31B10019ED29 /* HeaderAvatarView.swift in Sources */,
				129C771E1AF1F34B0074D126 /* OnboardingContentViewController.swift in Sources */,
				12C4F1351B0553230077566B /* UserServices.swift in Sources */,
				129C76F51AF1E1430074D126 /* Brapzilla.xcdatamodeld in Sources */,
				12EE81551AF87AA1002F642B /* UIFont+AppFont.swift in Sources */,
				12C031E71B0AC6F50000A153 /* SettingsView.swift in Sources */,
				12E869081B2123A900496A51 /* ProfilePresentationController.swift in Sources */,
				12E6446C1B01832C00D4BBA3 /* FixedOnboardingView.swift in Sources */,
				129C771B1AF1E2940074D126 /* AppFlow.swift in Sources */,
				12C031ED1B0B15EB0000A153 /* SettingsPresetationManager.swift in Sources */,
				12E8690C1B2123FE00496A51 /* ProfilePresentationAnimator.swift in Sources */,
				129C77191AF1E1F80074D126 /* OnboardingViewController.swift in Sources */,
				12C031E41B0AC22C0000A153 /* SettingsViewController.swift in Sources */,
				12EE81531AF87757002F642B /* UIColor+AppColor.swift in Sources */,
				12E6447C1B02A0C600D4BBA3 /* RideListViewController.swift in Sources */,
				12C031EB1B0B15CE0000A153 /* SettingsPresentationController.swift in Sources */,
			);
			runOnlyForDeploymentPostprocessing = 0;
		};
		129C77001AF1E1430074D126 /* Sources */ = {
			isa = PBXSourcesBuildPhase;
			buildActionMask = 2147483647;
			files = (
				129C770B1AF1E1430074D126 /* BrapzillaTests.swift in Sources */,
			);
			runOnlyForDeploymentPostprocessing = 0;
		};
/* End PBXSourcesBuildPhase section */

/* Begin PBXTargetDependency section */
		129C77061AF1E1430074D126 /* PBXTargetDependency */ = {
			isa = PBXTargetDependency;
			target = 129C76EB1AF1E1430074D126 /* brapzilla.temp_caseinsensitive_rename */;
			targetProxy = 129C77051AF1E1430074D126 /* PBXContainerItemProxy */;
		};
/* End PBXTargetDependency section */

/* Begin PBXVariantGroup section */
		129C76F81AF1E1430074D126 /* Main.storyboard */ = {
			isa = PBXVariantGroup;
			children = (
				129C76F91AF1E1430074D126 /* Base */,
			);
			name = Main.storyboard;
			sourceTree = "<group>";
		};
		129C76FD1AF1E1430074D126 /* LaunchScreen.xib */ = {
			isa = PBXVariantGroup;
			children = (
				129C76FE1AF1E1430074D126 /* Base */,
			);
			name = LaunchScreen.xib;
			sourceTree = "<group>";
		};
/* End PBXVariantGroup section */

/* Begin XCBuildConfiguration section */
		129C770C1AF1E1430074D126 /* Debug */ = {
			isa = XCBuildConfiguration;
			buildSettings = {
				ALWAYS_SEARCH_USER_PATHS = NO;
				CLANG_CXX_LANGUAGE_STANDARD = "gnu++0x";
				CLANG_CXX_LIBRARY = "libc++";
				CLANG_ENABLE_MODULES = YES;
				CLANG_ENABLE_OBJC_ARC = YES;
				CLANG_WARN_BOOL_CONVERSION = YES;
				CLANG_WARN_CONSTANT_CONVERSION = YES;
				CLANG_WARN_DIRECT_OBJC_ISA_USAGE = YES_ERROR;
				CLANG_WARN_EMPTY_BODY = YES;
				CLANG_WARN_ENUM_CONVERSION = YES;
				CLANG_WARN_INT_CONVERSION = YES;
				CLANG_WARN_OBJC_ROOT_CLASS = YES_ERROR;
				CLANG_WARN_UNREACHABLE_CODE = YES;
				CLANG_WARN__DUPLICATE_METHOD_MATCH = YES;
				"CODE_SIGN_IDENTITY[sdk=iphoneos*]" = "iPhone Developer";
				COPY_PHASE_STRIP = NO;
				DEBUG_INFORMATION_FORMAT = "dwarf-with-dsym";
				ENABLE_STRICT_OBJC_MSGSEND = YES;
				GCC_C_LANGUAGE_STANDARD = gnu99;
				GCC_DYNAMIC_NO_PIC = NO;
				GCC_NO_COMMON_BLOCKS = YES;
				GCC_OPTIMIZATION_LEVEL = 0;
				GCC_PREPROCESSOR_DEFINITIONS = (
					"DEBUG=1",
					"$(inherited)",
				);
				GCC_SYMBOLS_PRIVATE_EXTERN = NO;
				GCC_WARN_64_TO_32_BIT_CONVERSION = YES;
				GCC_WARN_ABOUT_RETURN_TYPE = YES_ERROR;
				GCC_WARN_UNDECLARED_SELECTOR = YES;
				GCC_WARN_UNINITIALIZED_AUTOS = YES_AGGRESSIVE;
				GCC_WARN_UNUSED_FUNCTION = YES;
				GCC_WARN_UNUSED_VARIABLE = YES;
				IPHONEOS_DEPLOYMENT_TARGET = 8.3;
				MTL_ENABLE_DEBUG_INFO = YES;
				ONLY_ACTIVE_ARCH = YES;
				SDKROOT = iphoneos;
				SWIFT_OPTIMIZATION_LEVEL = "-Onone";
				TARGETED_DEVICE_FAMILY = "1,2";
			};
			name = Debug;
		};
		129C770D1AF1E1430074D126 /* Release */ = {
			isa = XCBuildConfiguration;
			buildSettings = {
				ALWAYS_SEARCH_USER_PATHS = NO;
				CLANG_CXX_LANGUAGE_STANDARD = "gnu++0x";
				CLANG_CXX_LIBRARY = "libc++";
				CLANG_ENABLE_MODULES = YES;
				CLANG_ENABLE_OBJC_ARC = YES;
				CLANG_WARN_BOOL_CONVERSION = YES;
				CLANG_WARN_CONSTANT_CONVERSION = YES;
				CLANG_WARN_DIRECT_OBJC_ISA_USAGE = YES_ERROR;
				CLANG_WARN_EMPTY_BODY = YES;
				CLANG_WARN_ENUM_CONVERSION = YES;
				CLANG_WARN_INT_CONVERSION = YES;
				CLANG_WARN_OBJC_ROOT_CLASS = YES_ERROR;
				CLANG_WARN_UNREACHABLE_CODE = YES;
				CLANG_WARN__DUPLICATE_METHOD_MATCH = YES;
				"CODE_SIGN_IDENTITY[sdk=iphoneos*]" = "iPhone Developer";
				COPY_PHASE_STRIP = NO;
				DEBUG_INFORMATION_FORMAT = "dwarf-with-dsym";
				ENABLE_NS_ASSERTIONS = NO;
				ENABLE_STRICT_OBJC_MSGSEND = YES;
				GCC_C_LANGUAGE_STANDARD = gnu99;
				GCC_NO_COMMON_BLOCKS = YES;
				GCC_WARN_64_TO_32_BIT_CONVERSION = YES;
				GCC_WARN_ABOUT_RETURN_TYPE = YES_ERROR;
				GCC_WARN_UNDECLARED_SELECTOR = YES;
				GCC_WARN_UNINITIALIZED_AUTOS = YES_AGGRESSIVE;
				GCC_WARN_UNUSED_FUNCTION = YES;
				GCC_WARN_UNUSED_VARIABLE = YES;
				IPHONEOS_DEPLOYMENT_TARGET = 8.3;
				MTL_ENABLE_DEBUG_INFO = NO;
				SDKROOT = iphoneos;
				TARGETED_DEVICE_FAMILY = "1,2";
				VALIDATE_PRODUCT = YES;
			};
			name = Release;
		};
		129C770F1AF1E1430074D126 /* Debug */ = {
			isa = XCBuildConfiguration;
			buildSettings = {
				ASSETCATALOG_COMPILER_APPICON_NAME = AppIcon;
				FRAMEWORK_SEARCH_PATHS = (
					"$(inherited)",
					"$(PROJECT_DIR)",
				);
				INFOPLIST_FILE = Brapzilla/Info.plist;
				LD_RUNPATH_SEARCH_PATHS = "$(inherited) @executable_path/Frameworks";
				PRODUCT_NAME = brapzilla.temp_caseinsensitive_rename;
				TARGETED_DEVICE_FAMILY = 1;
			};
			name = Debug;
		};
		129C77101AF1E1430074D126 /* Release */ = {
			isa = XCBuildConfiguration;
			buildSettings = {
				ASSETCATALOG_COMPILER_APPICON_NAME = AppIcon;
				FRAMEWORK_SEARCH_PATHS = (
					"$(inherited)",
					"$(PROJECT_DIR)",
				);
				INFOPLIST_FILE = Brapzilla/Info.plist;
				LD_RUNPATH_SEARCH_PATHS = "$(inherited) @executable_path/Frameworks";
				PRODUCT_NAME = brapzilla.temp_caseinsensitive_rename;
				TARGETED_DEVICE_FAMILY = 1;
			};
			name = Release;
		};
		129C77121AF1E1430074D126 /* Debug */ = {
			isa = XCBuildConfiguration;
			buildSettings = {
				BUNDLE_LOADER = "$(TEST_HOST)";
				FRAMEWORK_SEARCH_PATHS = (
					"$(SDKROOT)/Developer/Library/Frameworks",
					"$(inherited)",
				);
				GCC_PREPROCESSOR_DEFINITIONS = (
					"DEBUG=1",
					"$(inherited)",
				);
				INFOPLIST_FILE = BrapzillaTests/Info.plist;
				LD_RUNPATH_SEARCH_PATHS = "$(inherited) @executable_path/Frameworks @loader_path/Frameworks";
				PRODUCT_NAME = brapzilla.temp_caseinsensitive_renameTests;
				TEST_HOST = "$(BUILT_PRODUCTS_DIR)/Brapzilla.app/Brapzilla";
			};
			name = Debug;
		};
		129C77131AF1E1430074D126 /* Release */ = {
			isa = XCBuildConfiguration;
			buildSettings = {
				BUNDLE_LOADER = "$(TEST_HOST)";
				FRAMEWORK_SEARCH_PATHS = (
					"$(SDKROOT)/Developer/Library/Frameworks",
					"$(inherited)",
				);
				INFOPLIST_FILE = BrapzillaTests/Info.plist;
				LD_RUNPATH_SEARCH_PATHS = "$(inherited) @executable_path/Frameworks @loader_path/Frameworks";
				PRODUCT_NAME = brapzilla.temp_caseinsensitive_renameTests;
				TEST_HOST = "$(BUILT_PRODUCTS_DIR)/Brapzilla.app/Brapzilla";
			};
			name = Release;
		};
/* End XCBuildConfiguration section */

/* Begin XCConfigurationList section */
		129C76E71AF1E1430074D126 /* Build configuration list for PBXProject "brapzilla" */ = {
			isa = XCConfigurationList;
			buildConfigurations = (
				129C770C1AF1E1430074D126 /* Debug */,
				129C770D1AF1E1430074D126 /* Release */,
			);
			defaultConfigurationIsVisible = 0;
			defaultConfigurationName = Release;
		};
		129C770E1AF1E1430074D126 /* Build configuration list for PBXNativeTarget "brapzilla.temp_caseinsensitive_rename" */ = {
			isa = XCConfigurationList;
			buildConfigurations = (
				129C770F1AF1E1430074D126 /* Debug */,
				129C77101AF1E1430074D126 /* Release */,
			);
			defaultConfigurationIsVisible = 0;
			defaultConfigurationName = Release;
		};
		129C77111AF1E1430074D126 /* Build configuration list for PBXNativeTarget "brapzilla.temp_caseinsensitive_renameTests" */ = {
			isa = XCConfigurationList;
			buildConfigurations = (
				129C77121AF1E1430074D126 /* Debug */,
				129C77131AF1E1430074D126 /* Release */,
			);
			defaultConfigurationIsVisible = 0;
			defaultConfigurationName = Release;
		};
/* End XCConfigurationList section */

/* Begin XCVersionGroup section */
		129C76F31AF1E1430074D126 /* Brapzilla.xcdatamodeld */ = {
			isa = XCVersionGroup;
			children = (
				129C76F41AF1E1430074D126 /* Brapzilla.xcdatamodel */,
			);
			currentVersion = 129C76F41AF1E1430074D126 /* Brapzilla.xcdatamodel */;
			path = Brapzilla.xcdatamodeld;
			sourceTree = "<group>";
			versionGroupType = wrapper.xcdatamodel;
		};
/* End XCVersionGroup section */
	};
	rootObject = 129C76E41AF1E1430074D126 /* Project object */;
}
